
Microsoft Visual Studio Solution File, Format Version 12.00
# Visual Studio Version 17
VisualStudioVersion = 17.11.35327.3
MinimumVisualStudioVersion = 10.0.40219.1
Project("{FAE04EC0-301F-11D3-BF4B-00C04F79EFBC}") = "Orm", "Orm.csproj", "{985B63DA-8A77-435F-AF69-273DDD044BFA}"
EndProject
Project("{FAE04EC0-301F-11D3-BF4B-00C04F79EFBC}") = "ConsoleApp1", "..\test\ConsoleApp1\ConsoleApp1.csproj", "{FF387C81-DCFA-475B-A2B0-448DE34F428A}"
EndProject
Global
	GlobalSection(SolutionConfigurationPlatforms) = preSolution
		Debug|Any CPU = Debug|Any CPU
		Release|Any CPU = Release|Any CPU
	EndGlobalSection
	GlobalSection(ProjectConfigurationPlatforms) = postSolution
		{985B63DA-8A77-435F-AF69-273DDD044BFA}.Debug|Any CPU.ActiveCfg = Debug|Any CPU
		{985B63DA-8A77-435F-AF69-273DDD044BFA}.Debug|Any CPU.Build.0 = Debug|Any CPU
		{985B63DA-8A77-435F-AF69-273DDD044BFA}.Release|Any CPU.ActiveCfg = Release|Any CPU
		{985B63DA-8A77-435F-AF69-273DDD044BFA}.Release|Any CPU.Build.0 = Release|Any CPU
		{FF387C81-DCFA-475B-A2B0-448DE34F428A}.Debug|Any CPU.ActiveCfg = Debug|Any CPU
		{FF387C81-DCFA-475B-A2B0-448DE34F428A}.Debug|Any CPU.Build.0 = Debug|Any CPU
		{FF387C81-DCFA-475B-A2B0-448DE34F428A}.Release|Any CPU.ActiveCfg = Release|Any CPU
		{FF387C81-DCFA-475B-A2B0-448DE34F428A}.Release|Any CPU.Build.0 = Release|Any CPU
	EndGlobalSection
	GlobalSection(SolutionProperties) = preSolution
		HideSolutionNode = FALSE
	EndGlobalSection
	GlobalSection(ExtensibilityGlobals) = postSolution
		SolutionGuid = {D46A43D1-A167-48E6-9565-860F9334F82F}
	EndGlobalSection
EndGlobal
